
Microsoft Visual Studio Solution File, Format Version 12.00
# Visual Studio Version 18
VisualStudioVersion = 18.0.11123.170
MinimumVisualStudioVersion = 10.0.40219.1
Project("{FAE04EC0-301F-11D3-BF4B-00C04F79EFBC}") = "ASAPPVC.UnitTests", "ASAPPVC.UnitTests\ASAPPVC.UnitTests.csproj", "{932F5290-53C4-4B0B-8396-B91CD9935C46}"
EndProject
Project("{FAE04EC0-301F-11D3-BF4B-00C04F79EFBC}") = "ASAPPVC.App", "ASAPPVC.App\ASAPPVC.App.csproj", "{90B77B95-B184-467A-B50A-6A2D771E4BFC}"
EndProject
Global
	GlobalSection(SolutionConfigurationPlatforms) = preSolution
		Debug|Any CPU = Debug|Any CPU
		Release|Any CPU = Release|Any CPU
	EndGlobalSection
	GlobalSection(ProjectConfigurationPlatforms) = postSolution
		{932F5290-53C4-4B0B-8396-B91CD9935C46}.Debug|Any CPU.ActiveCfg = Debug|Any CPU
		{932F5290-53C4-4B0B-8396-B91CD9935C46}.Debug|Any CPU.Build.0 = Debug|Any CPU
		{932F5290-53C4-4B0B-8396-B91CD9935C46}.Release|Any CPU.ActiveCfg = Release|Any CPU
		{932F5290-53C4-4B0B-8396-B91CD9935C46}.Release|Any CPU.Build.0 = Release|Any CPU
		{90B77B95-B184-467A-B50A-6A2D771E4BFC}.Debug|Any CPU.ActiveCfg = Debug|Any CPU
		{90B77B95-B184-467A-B50A-6A2D771E4BFC}.Debug|Any CPU.Build.0 = Debug|Any CPU
		{90B77B95-B184-467A-B50A-6A2D771E4BFC}.Release|Any CPU.ActiveCfg = Release|Any CPU
		{90B77B95-B184-467A-B50A-6A2D771E4BFC}.Release|Any CPU.Build.0 = Release|Any CPU
	EndGlobalSection
	GlobalSection(SolutionProperties) = preSolution
		HideSolutionNode = FALSE
	EndGlobalSection
	GlobalSection(ExtensibilityGlobals) = postSolution
		SolutionGuid = {C937A7B9-843B-4FA0-AFAC-900EFE31291F}
	EndGlobalSection
EndGlobal
